
Microsoft Visual Studio Solution File, Format Version 12.00
# Visual Studio Version 17
VisualStudioVersion = 17.10.35027.167
MinimumVisualStudioVersion = 10.0.40219.1
Project("{9A19103F-16F7-4668-BE54-9A1E7A4F7556}") = "CycleTogetherMVC.Web", "CycleTogetherMVC.Web\CycleTogetherMVC.Web.csproj", "{8955CB50-02DF-4E41-9AF2-7DD40FC0464A}"
EndProject
Project("{2150E333-8FDC-42A3-9474-1A3956D46DE8}") = "Application", "Application", "{5A38BF0D-8F98-4B4C-B668-10C23CD1E93A}"
EndProject
Project("{2150E333-8FDC-42A3-9474-1A3956D46DE8}") = "Domain", "Domain", "{8D30F17B-7851-454D-813C-3F7FC93133C6}"
EndProject
Project("{2150E333-8FDC-42A3-9474-1A3956D46DE8}") = "Infrastructure", "Infrastructure", "{8E9CB10B-7E8B-404B-B220-F019C2D30369}"
EndProject
Project("{2150E333-8FDC-42A3-9474-1A3956D46DE8}") = "Test", "Test", "{FA1C0049-BFDD-492C-B1D8-7DAF9B2F7C10}"
EndProject
Project("{2150E333-8FDC-42A3-9474-1A3956D46DE8}") = "UI", "UI", "{14A4084D-FEAD-4792-BEE0-F89B35BF794C}"
EndProject
Project("{9A19103F-16F7-4668-BE54-9A1E7A4F7556}") = "CycleTogetherMVC.Application", "CycleTogetherMVC.Application\CycleTogetherMVC.Application.csproj", "{B65E45E2-7480-4399-A171-6E5250909B3D}"
EndProject
Project("{9A19103F-16F7-4668-BE54-9A1E7A4F7556}") = "CycleTogetherMVC.Domain", "CycleTogetherMVC.Domain\CycleTogetherMVC.Domain.csproj", "{EDCFE8C0-F66C-4C21-AC9C-8676095962B6}"
EndProject
Project("{9A19103F-16F7-4668-BE54-9A1E7A4F7556}") = "CycleTogetherMVC.Infrastructure", "CycleTogetherMVC.Infrastructure\CycleTogetherMVC.Infrastructure.csproj", "{29A1ED9F-DA16-4182-8FED-374DF2F4CB72}"
EndProject
Project("{9A19103F-16F7-4668-BE54-9A1E7A4F7556}") = "CycleTogetherMVC.Tests", "CycleTogetherMVC.Tests\CycleTogetherMVC.Tests.csproj", "{DD28FED4-E7FA-4EF6-8592-8969D0736998}"
EndProject
Global
	GlobalSection(SolutionConfigurationPlatforms) = preSolution
		Debug|Any CPU = Debug|Any CPU
		Release|Any CPU = Release|Any CPU
	EndGlobalSection
	GlobalSection(ProjectConfigurationPlatforms) = postSolution
		{8955CB50-02DF-4E41-9AF2-7DD40FC0464A}.Debug|Any CPU.ActiveCfg = Debug|Any CPU
		{8955CB50-02DF-4E41-9AF2-7DD40FC0464A}.Debug|Any CPU.Build.0 = Debug|Any CPU
		{8955CB50-02DF-4E41-9AF2-7DD40FC0464A}.Release|Any CPU.ActiveCfg = Release|Any CPU
		{8955CB50-02DF-4E41-9AF2-7DD40FC0464A}.Release|Any CPU.Build.0 = Release|Any CPU
		{B65E45E2-7480-4399-A171-6E5250909B3D}.Debug|Any CPU.ActiveCfg = Debug|Any CPU
		{B65E45E2-7480-4399-A171-6E5250909B3D}.Debug|Any CPU.Build.0 = Debug|Any CPU
		{B65E45E2-7480-4399-A171-6E5250909B3D}.Release|Any CPU.ActiveCfg = Release|Any CPU
		{B65E45E2-7480-4399-A171-6E5250909B3D}.Release|Any CPU.Build.0 = Release|Any CPU
		{EDCFE8C0-F66C-4C21-AC9C-8676095962B6}.Debug|Any CPU.ActiveCfg = Debug|Any CPU
		{EDCFE8C0-F66C-4C21-AC9C-8676095962B6}.Debug|Any CPU.Build.0 = Debug|Any CPU
		{EDCFE8C0-F66C-4C21-AC9C-8676095962B6}.Release|Any CPU.ActiveCfg = Release|Any CPU
		{EDCFE8C0-F66C-4C21-AC9C-8676095962B6}.Release|Any CPU.Build.0 = Release|Any CPU
		{29A1ED9F-DA16-4182-8FED-374DF2F4CB72}.Debug|Any CPU.ActiveCfg = Debug|Any CPU
		{29A1ED9F-DA16-4182-8FED-374DF2F4CB72}.Debug|Any CPU.Build.0 = Debug|Any CPU
		{29A1ED9F-DA16-4182-8FED-374DF2F4CB72}.Release|Any CPU.ActiveCfg = Release|Any CPU
		{29A1ED9F-DA16-4182-8FED-374DF2F4CB72}.Release|Any CPU.Build.0 = Release|Any CPU
		{DD28FED4-E7FA-4EF6-8592-8969D0736998}.Debug|Any CPU.ActiveCfg = Debug|Any CPU
		{DD28FED4-E7FA-4EF6-8592-8969D0736998}.Debug|Any CPU.Build.0 = Debug|Any CPU
		{DD28FED4-E7FA-4EF6-8592-8969D0736998}.Release|Any CPU.ActiveCfg = Release|Any CPU
		{DD28FED4-E7FA-4EF6-8592-8969D0736998}.Release|Any CPU.Build.0 = Release|Any CPU
	EndGlobalSection
	GlobalSection(SolutionProperties) = preSolution
		HideSolutionNode = FALSE
	EndGlobalSection
	GlobalSection(NestedProjects) = preSolution
		{8955CB50-02DF-4E41-9AF2-7DD40FC0464A} = {14A4084D-FEAD-4792-BEE0-F89B35BF794C}
		{B65E45E2-7480-4399-A171-6E5250909B3D} = {5A38BF0D-8F98-4B4C-B668-10C23CD1E93A}
		{EDCFE8C0-F66C-4C21-AC9C-8676095962B6} = {8D30F17B-7851-454D-813C-3F7FC93133C6}
		{29A1ED9F-DA16-4182-8FED-374DF2F4CB72} = {8E9CB10B-7E8B-404B-B220-F019C2D30369}
		{DD28FED4-E7FA-4EF6-8592-8969D0736998} = {FA1C0049-BFDD-492C-B1D8-7DAF9B2F7C10}
	EndGlobalSection
	GlobalSection(ExtensibilityGlobals) = postSolution
		SolutionGuid = {3C23B4A2-4B05-4D9D-8D59-73FE6B8A12C0}
	EndGlobalSection
EndGlobal
